// !$*UTF8*$!
{
	archiveVersion = 1;
	classes = {
	};
	objectVersion = 46;
	objects = {

/* Begin PBXBuildFile section */
		B068A1051B53CA2400E5A431 /* AppDelegate.swift in Sources */ = {isa = PBXBuildFile; fileRef = B068A1041B53CA2400E5A431 /* AppDelegate.swift */; };
		B068A1071B53CA2400E5A431 /* ViewController.swift in Sources */ = {isa = PBXBuildFile; fileRef = B068A1061B53CA2400E5A431 /* ViewController.swift */; };
		B068A10A1B53CA2400E5A431 /* Main.storyboard in Resources */ = {isa = PBXBuildFile; fileRef = B068A1081B53CA2400E5A431 /* Main.storyboard */; };
		B068A10C1B53CA2400E5A431 /* Assets.xcassets in Resources */ = {isa = PBXBuildFile; fileRef = B068A10B1B53CA2400E5A431 /* Assets.xcassets */; };
		B068A10F1B53CA2400E5A431 /* LaunchScreen.storyboard in Resources */ = {isa = PBXBuildFile; fileRef = B068A10D1B53CA2400E5A431 /* LaunchScreen.storyboard */; };
		B068A11A1B53CA2500E5A431 /* RawOptionSetTypeFrobsTests.swift in Sources */ = {isa = PBXBuildFile; fileRef = B068A1191B53CA2500E5A431 /* RawOptionSetTypeFrobsTests.swift */; };
		B068A1251B53CA2500E5A431 /* RawOptionSetTypeFrobsUITests.swift in Sources */ = {isa = PBXBuildFile; fileRef = B068A1241B53CA2500E5A431 /* RawOptionSetTypeFrobsUITests.swift */; };
/* End PBXBuildFile section */

/* Begin PBXContainerItemProxy section */
		B068A1161B53CA2500E5A431 /* PBXContainerItemProxy */ = {
			isa = PBXContainerItemProxy;
			containerPortal = B068A0F91B53CA2400E5A431 /* Project object */;
			proxyType = 1;
			remoteGlobalIDString = B068A1001B53CA2400E5A431;
			remoteInfo = RawOptionSetTypeFrobs;
		};
		B068A1211B53CA2500E5A431 /* PBXContainerItemProxy */ = {
			isa = PBXContainerItemProxy;
			containerPortal = B068A0F91B53CA2400E5A431 /* Project object */;
			proxyType = 1;
			remoteGlobalIDString = B068A1001B53CA2400E5A431;
			remoteInfo = RawOptionSetTypeFrobs;
		};
/* End PBXContainerItemProxy section */

/* Begin PBXFileReference section */
		B068A1011B53CA2400E5A431 /* RawOptionSetTypeFrobs.app */ = {isa = PBXFileReference; explicitFileType = wrapper.application; includeInIndex = 0; path = RawOptionSetTypeFrobs.app; sourceTree = BUILT_PRODUCTS_DIR; };
		B068A1041B53CA2400E5A431 /* AppDelegate.swift */ = {isa = PBXFileReference; lastKnownFileType = sourcecode.swift; path = AppDelegate.swift; sourceTree = "<group>"; };
		B068A1061B53CA2400E5A431 /* ViewController.swift */ = {isa = PBXFileReference; lastKnownFileType = sourcecode.swift; path = ViewController.swift; sourceTree = "<group>"; };
		B068A1091B53CA2400E5A431 /* Base */ = {isa = PBXFileReference; lastKnownFileType = file.storyboard; name = Base; path = Base.lproj/Main.storyboard; sourceTree = "<group>"; };
		B068A10B1B53CA2400E5A431 /* Assets.xcassets */ = {isa = PBXFileReference; lastKnownFileType = folder.assetcatalog; path = Assets.xcassets; sourceTree = "<group>"; };
		B068A10E1B53CA2400E5A431 /* Base */ = {isa = PBXFileReference; lastKnownFileType = file.storyboard; name = Base; path = Base.lproj/LaunchScreen.storyboard; sourceTree = "<group>"; };
		B068A1101B53CA2400E5A431 /* Info.plist */ = {isa = PBXFileReference; lastKnownFileType = text.plist.xml; path = Info.plist; sourceTree = "<group>"; };
		B068A1151B53CA2500E5A431 /* RawOptionSetTypeFrobsTests.xctest */ = {isa = PBXFileReference; explicitFileType = wrapper.cfbundle; includeInIndex = 0; path = RawOptionSetTypeFrobsTests.xctest; sourceTree = BUILT_PRODUCTS_DIR; };
		B068A1191B53CA2500E5A431 /* RawOptionSetTypeFrobsTests.swift */ = {isa = PBXFileReference; lastKnownFileType = sourcecode.swift; path = RawOptionSetTypeFrobsTests.swift; sourceTree = "<group>"; };
		B068A11B1B53CA2500E5A431 /* Info.plist */ = {isa = PBXFileReference; lastKnownFileType = text.plist.xml; path = Info.plist; sourceTree = "<group>"; };
		B068A1201B53CA2500E5A431 /* RawOptionSetTypeFrobsUITests.xctest */ = {isa = PBXFileReference; explicitFileType = wrapper.cfbundle; includeInIndex = 0; path = RawOptionSetTypeFrobsUITests.xctest; sourceTree = BUILT_PRODUCTS_DIR; };
		B068A1241B53CA2500E5A431 /* RawOptionSetTypeFrobsUITests.swift */ = {isa = PBXFileReference; lastKnownFileType = sourcecode.swift; path = RawOptionSetTypeFrobsUITests.swift; sourceTree = "<group>"; };
		B068A1261B53CA2500E5A431 /* Info.plist */ = {isa = PBXFileReference; lastKnownFileType = text.plist.xml; path = Info.plist; sourceTree = "<group>"; };
/* End PBXFileReference section */

/* Begin PBXFrameworksBuildPhase section */
		B068A0FE1B53CA2400E5A431 /* Frameworks */ = {
			isa = PBXFrameworksBuildPhase;
			buildActionMask = 2147483647;
			files = (
			);
			runOnlyForDeploymentPostprocessing = 0;
		};
		B068A1121B53CA2500E5A431 /* Frameworks */ = {
			isa = PBXFrameworksBuildPhase;
			buildActionMask = 2147483647;
			files = (
			);
			runOnlyForDeploymentPostprocessing = 0;
		};
		B068A11D1B53CA2500E5A431 /* Frameworks */ = {
			isa = PBXFrameworksBuildPhase;
			buildActionMask = 2147483647;
			files = (
			);
			runOnlyForDeploymentPostprocessing = 0;
		};
/* End PBXFrameworksBuildPhase section */

/* Begin PBXGroup section */
		B068A0F81B53CA2400E5A431 = {
			isa = PBXGroup;
			children = (
				B068A1031B53CA2400E5A431 /* RawOptionSetTypeFrobs */,
				B068A1181B53CA2500E5A431 /* RawOptionSetTypeFrobsTests */,
				B068A1231B53CA2500E5A431 /* RawOptionSetTypeFrobsUITests */,
				B068A1021B53CA2400E5A431 /* Products */,
			);
			sourceTree = "<group>";
		};
		B068A1021B53CA2400E5A431 /* Products */ = {
			isa = PBXGroup;
			children = (
				B068A1011B53CA2400E5A431 /* RawOptionSetTypeFrobs.app */,
				B068A1151B53CA2500E5A431 /* RawOptionSetTypeFrobsTests.xctest */,
				B068A1201B53CA2500E5A431 /* RawOptionSetTypeFrobsUITests.xctest */,
			);
			name = Products;
			sourceTree = "<group>";
		};
		B068A1031B53CA2400E5A431 /* RawOptionSetTypeFrobs */ = {
			isa = PBXGroup;
			children = (
				B068A1041B53CA2400E5A431 /* AppDelegate.swift */,
				B068A1061B53CA2400E5A431 /* ViewController.swift */,
				B068A1081B53CA2400E5A431 /* Main.storyboard */,
				B068A10B1B53CA2400E5A431 /* Assets.xcassets */,
				B068A10D1B53CA2400E5A431 /* LaunchScreen.storyboard */,
				B068A1101B53CA2400E5A431 /* Info.plist */,
			);
			path = RawOptionSetTypeFrobs;
			sourceTree = "<group>";
		};
		B068A1181B53CA2500E5A431 /* RawOptionSetTypeFrobsTests */ = {
			isa = PBXGroup;
			children = (
				B068A1191B53CA2500E5A431 /* RawOptionSetTypeFrobsTests.swift */,
				B068A11B1B53CA2500E5A431 /* Info.plist */,
			);
			path = RawOptionSetTypeFrobsTests;
			sourceTree = "<group>";
		};
		B068A1231B53CA2500E5A431 /* RawOptionSetTypeFrobsUITests */ = {
			isa = PBXGroup;
			children = (
				B068A1241B53CA2500E5A431 /* RawOptionSetTypeFrobsUITests.swift */,
				B068A1261B53CA2500E5A431 /* Info.plist */,
			);
			path = RawOptionSetTypeFrobsUITests;
			sourceTree = "<group>";
		};
/* End PBXGroup section */

/* Begin PBXNativeTarget section */
		B068A1001B53CA2400E5A431 /* RawOptionSetTypeFrobs */ = {
			isa = PBXNativeTarget;
			buildConfigurationList = B068A1291B53CA2500E5A431 /* Build configuration list for PBXNativeTarget "RawOptionSetTypeFrobs" */;
			buildPhases = (
				B068A0FD1B53CA2400E5A431 /* Sources */,
				B068A0FE1B53CA2400E5A431 /* Frameworks */,
				B068A0FF1B53CA2400E5A431 /* Resources */,
			);
			buildRules = (
			);
			dependencies = (
			);
			name = RawOptionSetTypeFrobs;
			productName = RawOptionSetTypeFrobs;
			productReference = B068A1011B53CA2400E5A431 /* RawOptionSetTypeFrobs.app */;
			productType = "com.apple.product-type.application";
		};
		B068A1141B53CA2500E5A431 /* RawOptionSetTypeFrobsTests */ = {
			isa = PBXNativeTarget;
			buildConfigurationList = B068A12C1B53CA2500E5A431 /* Build configuration list for PBXNativeTarget "RawOptionSetTypeFrobsTests" */;
			buildPhases = (
				B068A1111B53CA2500E5A431 /* Sources */,
				B068A1121B53CA2500E5A431 /* Frameworks */,
				B068A1131B53CA2500E5A431 /* Resources */,
			);
			buildRules = (
			);
			dependencies = (
				B068A1171B53CA2500E5A431 /* PBXTargetDependency */,
			);
			name = RawOptionSetTypeFrobsTests;
			productName = RawOptionSetTypeFrobsTests;
			productReference = B068A1151B53CA2500E5A431 /* RawOptionSetTypeFrobsTests.xctest */;
			productType = "com.apple.product-type.bundle.unit-test";
		};
		B068A11F1B53CA2500E5A431 /* RawOptionSetTypeFrobsUITests */ = {
			isa = PBXNativeTarget;
			buildConfigurationList = B068A12F1B53CA2500E5A431 /* Build configuration list for PBXNativeTarget "RawOptionSetTypeFrobsUITests" */;
			buildPhases = (
				B068A11C1B53CA2500E5A431 /* Sources */,
				B068A11D1B53CA2500E5A431 /* Frameworks */,
				B068A11E1B53CA2500E5A431 /* Resources */,
			);
			buildRules = (
			);
			dependencies = (
				B068A1221B53CA2500E5A431 /* PBXTargetDependency */,
			);
			name = RawOptionSetTypeFrobsUITests;
			productName = RawOptionSetTypeFrobsUITests;
			productReference = B068A1201B53CA2500E5A431 /* RawOptionSetTypeFrobsUITests.xctest */;
			productType = "com.apple.product-type.bundle.ui-testing";
		};
/* End PBXNativeTarget section */

/* Begin PBXProject section */
		B068A0F91B53CA2400E5A431 /* Project object */ = {
			isa = PBXProject;
			attributes = {
				LastUpgradeCheck = 0700;
				ORGANIZATIONNAME = "Gene De Lisa";
				TargetAttributes = {
					B068A1001B53CA2400E5A431 = {
						CreatedOnToolsVersion = 7.0;
					};
					B068A1141B53CA2500E5A431 = {
						CreatedOnToolsVersion = 7.0;
						TestTargetID = B068A1001B53CA2400E5A431;
					};
					B068A11F1B53CA2500E5A431 = {
						CreatedOnToolsVersion = 7.0;
						TestTargetID = B068A1001B53CA2400E5A431;
					};
				};
			};
			buildConfigurationList = B068A0FC1B53CA2400E5A431 /* Build configuration list for PBXProject "RawOptionSetTypeFrobs" */;
			compatibilityVersion = "Xcode 3.2";
			developmentRegion = English;
			hasScannedForEncodings = 0;
			knownRegions = (
				en,
				Base,
			);
			mainGroup = B068A0F81B53CA2400E5A431;
			productRefGroup = B068A1021B53CA2400E5A431 /* Products */;
			projectDirPath = "";
			projectRoot = "";
			targets = (
				B068A1001B53CA2400E5A431 /* RawOptionSetTypeFrobs */,
				B068A1141B53CA2500E5A431 /* RawOptionSetTypeFrobsTests */,
				B068A11F1B53CA2500E5A431 /* RawOptionSetTypeFrobsUITests */,
			);
		};
/* End PBXProject section */

/* Begin PBXResourcesBuildPhase section */
		B068A0FF1B53CA2400E5A431 /* Resources */ = {
			isa = PBXResourcesBuildPhase;
			buildActionMask = 2147483647;
			files = (
				B068A10F1B53CA2400E5A431 /* LaunchScreen.storyboard in Resources */,
				B068A10C1B53CA2400E5A431 /* Assets.xcassets in Resources */,
				B068A10A1B53CA2400E5A431 /* Main.storyboard in Resources */,
			);
			runOnlyForDeploymentPostprocessing = 0;
		};
		B068A1131B53CA2500E5A431 /* Resources */ = {
			isa = PBXResourcesBuildPhase;
			buildActionMask = 2147483647;
			files = (
			);
			runOnlyForDeploymentPostprocessing = 0;
		};
		B068A11E1B53CA2500E5A431 /* Resources */ = {
			isa = PBXResourcesBuildPhase;
			buildActionMask = 2147483647;
			files = (
			);
			runOnlyForDeploymentPostprocessing = 0;
		};
/* End PBXResourcesBuildPhase section */

/* Begin PBXSourcesBuildPhase section */
		B068A0FD1B53CA2400E5A431 /* Sources */ = {
			isa = PBXSourcesBuildPhase;
			buildActionMask = 2147483647;
			files = (
				B068A1071B53CA2400E5A431 /* ViewController.swift in Sources */,
				B068A1051B53CA2400E5A431 /* AppDelegate.swift in Sources */,
			);
			runOnlyForDeploymentPostprocessing = 0;
		};
		B068A1111B53CA2500E5A431 /* Sources */ = {
			isa = PBXSourcesBuildPhase;
			buildActionMask = 2147483647;
			files = (
				B068A11A1B53CA2500E5A431 /* RawOptionSetTypeFrobsTests.swift in Sources */,
			);
			runOnlyForDeploymentPostprocessing = 0;
		};
		B068A11C1B53CA2500E5A431 /* Sources */ = {
			isa = PBXSourcesBuildPhase;
			buildActionMask = 2147483647;
			files = (
				B068A1251B53CA2500E5A431 /* RawOptionSetTypeFrobsUITests.swift in Sources */,
			);
			runOnlyForDeploymentPostprocessing = 0;
		};
/* End PBXSourcesBuildPhase section */

/* Begin PBXTargetDependency section */
		B068A1171B53CA2500E5A431 /* PBXTargetDependency */ = {
			isa = PBXTargetDependency;
			target = B068A1001B53CA2400E5A431 /* RawOptionSetTypeFrobs */;
			targetProxy = B068A1161B53CA2500E5A431 /* PBXContainerItemProxy */;
		};
		B068A1221B53CA2500E5A431 /* PBXTargetDependency */ = {
			isa = PBXTargetDependency;
			target = B068A1001B53CA2400E5A431 /* RawOptionSetTypeFrobs */;
			targetProxy = B068A1211B53CA2500E5A431 /* PBXContainerItemProxy */;
		};
/* End PBXTargetDependency section */

/* Begin PBXVariantGroup section */
		B068A1081B53CA2400E5A431 /* Main.storyboard */ = {
			isa = PBXVariantGroup;
			children = (
				B068A1091B53CA2400E5A431 /* Base */,
			);
			name = Main.storyboard;
			sourceTree = "<group>";
		};
		B068A10D1B53CA2400E5A431 /* LaunchScreen.storyboard */ = {
			isa = PBXVariantGroup;
			children = (
				B068A10E1B53CA2400E5A431 /* Base */,
			);
			name = LaunchScreen.storyboard;
			sourceTree = "<group>";
		};
/* End PBXVariantGroup section */

/* Begin XCBuildConfiguration section */
		B068A1271B53CA2500E5A431 /* Debug */ = {
			isa = XCBuildConfiguration;
			buildSettings = {
				ALWAYS_SEARCH_USER_PATHS = NO;
				CLANG_CXX_LANGUAGE_STANDARD = "gnu++0x";
				CLANG_CXX_LIBRARY = "libc++";
				CLANG_ENABLE_MODULES = YES;
				CLANG_ENABLE_OBJC_ARC = YES;
				CLANG_WARN_BOOL_CONVERSION = YES;
				CLANG_WARN_CONSTANT_CONVERSION = YES;
				CLANG_WARN_DIRECT_OBJC_ISA_USAGE = YES_ERROR;
				CLANG_WARN_EMPTY_BODY = YES;
				CLANG_WARN_ENUM_CONVERSION = YES;
				CLANG_WARN_INT_CONVERSION = YES;
				CLANG_WARN_OBJC_ROOT_CLASS = YES_ERROR;
				CLANG_WARN_UNREACHABLE_CODE = YES;
				CLANG_WARN__DUPLICATE_METHOD_MATCH = YES;
				"CODE_SIGN_IDENTITY[sdk=iphoneos*]" = "iPhone Developer";
				COPY_PHASE_STRIP = NO;
				DEBUG_INFORMATION_FORMAT = dwarf;
				ENABLE_STRICT_OBJC_MSGSEND = YES;
				ENABLE_TESTABILITY = YES;
				GCC_C_LANGUAGE_STANDARD = gnu99;
				GCC_DYNAMIC_NO_PIC = NO;
				GCC_NO_COMMON_BLOCKS = YES;
				GCC_OPTIMIZATION_LEVEL = 0;
				GCC_PREPROCESSOR_DEFINITIONS = (
					"DEBUG=1",
					"$(inherited)",
				);
				GCC_WARN_64_TO_32_BIT_CONVERSION = YES;
				GCC_WARN_ABOUT_RETURN_TYPE = YES_ERROR;
				GCC_WARN_UNDECLARED_SELECTOR = YES;
				GCC_WARN_UNINITIALIZED_AUTOS = YES_AGGRESSIVE;
				GCC_WARN_UNUSED_FUNCTION = YES;
				GCC_WARN_UNUSED_VARIABLE = YES;
				IPHONEOS_DEPLOYMENT_TARGET = 9.0;
				MTL_ENABLE_DEBUG_INFO = YES;
				ONLY_ACTIVE_ARCH = YES;
				SDKROOT = iphoneos;
				SWIFT_OPTIMIZATION_LEVEL = "-Onone";
				TARGETED_DEVICE_FAMILY = "1,2";
			};
			name = Debug;
		};
		B068A1281B53CA2500E5A431 /* Release */ = {
			isa = XCBuildConfiguration;
			buildSettings = {
				ALWAYS_SEARCH_USER_PATHS = NO;
				CLANG_CXX_LANGUAGE_STANDARD = "gnu++0x";
				CLANG_CXX_LIBRARY = "libc++";
				CLANG_ENABLE_MODULES = YES;
				CLANG_ENABLE_OBJC_ARC = YES;
				CLANG_WARN_BOOL_CONVERSION = YES;
				CLANG_WARN_CONSTANT_CONVERSION = YES;
				CLANG_WARN_DIRECT_OBJC_ISA_USAGE = YES_ERROR;
				CLANG_WARN_EMPTY_BODY = YES;
				CLANG_WARN_ENUM_CONVERSION = YES;
				CLANG_WARN_INT_CONVERSION = YES;
				CLANG_WARN_OBJC_ROOT_CLASS = YES_ERROR;
				CLANG_WARN_UNREACHABLE_CODE = YES;
				CLANG_WARN__DUPLICATE_METHOD_MATCH = YES;
				"CODE_SIGN_IDENTITY[sdk=iphoneos*]" = "iPhone Developer";
				COPY_PHASE_STRIP = NO;
				DEBUG_INFORMATION_FORMAT = "dwarf-with-dsym";
				ENABLE_NS_ASSERTIONS = NO;
				ENABLE_STRICT_OBJC_MSGSEND = YES;
				GCC_C_LANGUAGE_STANDARD = gnu99;
				GCC_NO_COMMON_BLOCKS = YES;
				GCC_WARN_64_TO_32_BIT_CONVERSION = YES;
				GCC_WARN_ABOUT_RETURN_TYPE = YES_ERROR;
				GCC_WARN_UNDECLARED_SELECTOR = YES;
				GCC_WARN_UNINITIALIZED_AUTOS = YES_AGGRESSIVE;
				GCC_WARN_UNUSED_FUNCTION = YES;
				GCC_WARN_UNUSED_VARIABLE = YES;
				IPHONEOS_DEPLOYMENT_TARGET = 9.0;
				MTL_ENABLE_DEBUG_INFO = NO;
				SDKROOT = iphoneos;
				TARGETED_DEVICE_FAMILY = "1,2";
				VALIDATE_PRODUCT = YES;
			};
			name = Release;
		};
		B068A12A1B53CA2500E5A431 /* Debug */ = {
			isa = XCBuildConfiguration;
			buildSettings = {
				ASSETCATALOG_COMPILER_APPICON_NAME = AppIcon;
				INFOPLIST_FILE = RawOptionSetTypeFrobs/Info.plist;
				LD_RUNPATH_SEARCH_PATHS = "$(inherited) @executable_path/Frameworks";
				PRODUCT_BUNDLE_IDENTIFIER = com.rockhoppertech.RawOptionSetTypeFrobs;
				PRODUCT_NAME = "$(TARGET_NAME)";
			};
			name = Debug;
		};
		B068A12B1B53CA2500E5A431 /* Release */ = {
			isa = XCBuildConfiguration;
			buildSettings = {
				ASSETCATALOG_COMPILER_APPICON_NAME = AppIcon;
				INFOPLIST_FILE = RawOptionSetTypeFrobs/Info.plist;
				LD_RUNPATH_SEARCH_PATHS = "$(inherited) @executable_path/Frameworks";
				PRODUCT_BUNDLE_IDENTIFIER = com.rockhoppertech.RawOptionSetTypeFrobs;
				PRODUCT_NAME = "$(TARGET_NAME)";
			};
			name = Release;
		};
		B068A12D1B53CA2500E5A431 /* Debug */ = {
			isa = XCBuildConfiguration;
			buildSettings = {
				BUNDLE_LOADER = "$(TEST_HOST)";
				INFOPLIST_FILE = RawOptionSetTypeFrobsTests/Info.plist;
				LD_RUNPATH_SEARCH_PATHS = "$(inherited) @executable_path/Frameworks @loader_path/Frameworks";
				PRODUCT_BUNDLE_IDENTIFIER = com.rockhoppertech.RawOptionSetTypeFrobsTests;
				PRODUCT_NAME = "$(TARGET_NAME)";
				TEST_HOST = "$(BUILT_PRODUCTS_DIR)/RawOptionSetTypeFrobs.app/RawOptionSetTypeFrobs";
			};
			name = Debug;
		};
		B068A12E1B53CA2500E5A431 /* Release */ = {
			isa = XCBuildConfiguration;
			buildSettings = {
				BUNDLE_LOADER = "$(TEST_HOST)";
				INFOPLIST_FILE = RawOptionSetTypeFrobsTests/Info.plist;
				LD_RUNPATH_SEARCH_PATHS = "$(inherited) @executable_path/Frameworks @loader_path/Frameworks";
				PRODUCT_BUNDLE_IDENTIFIER = com.rockhoppertech.RawOptionSetTypeFrobsTests;
				PRODUCT_NAME = "$(TARGET_NAME)";
				TEST_HOST = "$(BUILT_PRODUCTS_DIR)/RawOptionSetTypeFrobs.app/RawOptionSetTypeFrobs";
			};
			name = Release;
		};
		B068A1301B53CA2500E5A431 /* Debug */ = {
			isa = XCBuildConfiguration;
			buildSettings = {
				INFOPLIST_FILE = RawOptionSetTypeFrobsUITests/Info.plist;
				LD_RUNPATH_SEARCH_PATHS = "$(inherited) @executable_path/Frameworks @loader_path/Frameworks";
				PRODUCT_BUNDLE_IDENTIFIER = com.rockhoppertech.RawOptionSetTypeFrobsUITests;
				PRODUCT_NAME = "$(TARGET_NAME)";
				TEST_TARGET_NAME = RawOptionSetTypeFrobs;
				USES_XCTRUNNER = YES;
			};
			name = Debug;
		};
		B068A1311B53CA2500E5A431 /* Release */ = {
			isa = XCBuildConfiguration;
			buildSettings = {
				INFOPLIST_FILE = RawOptionSetTypeFrobsUITests/Info.plist;
				LD_RUNPATH_SEARCH_PATHS = "$(inherited) @executable_path/Frameworks @loader_path/Frameworks";
				PRODUCT_BUNDLE_IDENTIFIER = com.rockhoppertech.RawOptionSetTypeFrobsUITests;
				PRODUCT_NAME = "$(TARGET_NAME)";
				TEST_TARGET_NAME = RawOptionSetTypeFrobs;
				USES_XCTRUNNER = YES;
			};
			name = Release;
		};
/* End XCBuildConfiguration section */

/* Begin XCConfigurationList section */
		B068A0FC1B53CA2400E5A431 /* Build configuration list for PBXProject "RawOptionSetTypeFrobs" */ = {
			isa = XCConfigurationList;
			buildConfigurations = (
				B068A1271B53CA2500E5A431 /* Debug */,
				B068A1281B53CA2500E5A431 /* Release */,
			);
			defaultConfigurationIsVisible = 0;
			defaultConfigurationName = Release;
		};
		B068A1291B53CA2500E5A431 /* Build configuration list for PBXNativeTarget "RawOptionSetTypeFrobs" */ = {
			isa = XCConfigurationList;
			buildConfigurations = (
				B068A12A1B53CA2500E5A431 /* Debug */,
				B068A12B1B53CA2500E5A431 /* Release */,
			);
			defaultConfigurationIsVisible = 0;
		};
		B068A12C1B53CA2500E5A431 /* Build configuration list for PBXNativeTarget "RawOptionSetTypeFrobsTests" */ = {
			isa = XCConfigurationList;
			buildConfigurations = (
				B068A12D1B53CA2500E5A431 /* Debug */,
				B068A12E1B53CA2500E5A431 /* Release */,
			);
			defaultConfigurationIsVisible = 0;
		};
		B068A12F1B53CA2500E5A431 /* Build configuration list for PBXNativeTarget "RawOptionSetTypeFrobsUITests" */ = {
			isa = XCConfigurationList;
			buildConfigurations = (
				B068A1301B53CA2500E5A431 /* Debug */,
				B068A1311B53CA2500E5A431 /* Release */,
			);
			defaultConfigurationIsVisible = 0;
		};
/* End XCConfigurationList section */
	};
	rootObject = B068A0F91B53CA2400E5A431 /* Project object */;
}
